
Microsoft Visual Studio Solution File, Format Version 12.00
# Visual Studio Version 17
VisualStudioVersion = 17.0.31903.59
MinimumVisualStudioVersion = 10.0.40219.1
Project("{2150E333-8FDC-42A3-9474-1A3956D46DE8}") = "src", "src", "{827E0CD3-B72D-47B6-A68D-7590B98EB39B}"
EndProject
Project("{2150E333-8FDC-42A3-9474-1A3956D46DE8}") = "Host", "Host", "{981C2CF6-E5BB-602A-511C-234B538302B0}"
EndProject
Project("{FAE04EC0-301F-11D3-BF4B-00C04F79EFBC}") = "InventoryProc.API", "src\Host\InventoryProc.API\InventoryProc.API.csproj", "{067BE384-9305-4738-BE44-A4BAEAD9E584}"
EndProject
Project("{2150E333-8FDC-42A3-9474-1A3956D46DE8}") = "BuildingBlocks", "BuildingBlocks", "{90298CBA-BD6F-3A0A-69D5-97CAD7B05E7E}"
EndProject
Project("{FAE04EC0-301F-11D3-BF4B-00C04F79EFBC}") = "InventoryProc.SharedKernel", "src\BuildingBlocks\InventoryProc.SharedKernel\InventoryProc.SharedKernel.csproj", "{3B148056-9142-46F8-AE92-2E625CBD70FF}"
EndProject
Project("{FAE04EC0-301F-11D3-BF4B-00C04F79EFBC}") = "InventoryProc.Contracts", "src\BuildingBlocks\InventoryProc.Contracts\InventoryProc.Contracts.csproj", "{0A401636-AF8B-4D42-90CC-96C65BF9D77B}"
EndProject
Project("{FAE04EC0-301F-11D3-BF4B-00C04F79EFBC}") = "InventoryProc.Infrastructure", "src\BuildingBlocks\InventoryProc.Infrastructure\InventoryProc.Infrastructure.csproj", "{58777857-707A-415C-B957-614F63806E08}"
EndProject
Project("{2150E333-8FDC-42A3-9474-1A3956D46DE8}") = "Modules", "Modules", "{EC447DCF-ABFA-6E24-52A5-D7FD48A5C558}"
EndProject
Project("{2150E333-8FDC-42A3-9474-1A3956D46DE8}") = "Tenancy", "Tenancy", "{4229EDB8-0862-B55E-9945-90D59FE8EB87}"
EndProject
Project("{FAE04EC0-301F-11D3-BF4B-00C04F79EFBC}") = "InventoryProc.Modules.Tenancy", "src\Modules\Tenancy\InventoryProc.Modules.Tenancy\InventoryProc.Modules.Tenancy.csproj", "{4259DB8A-602D-4D7F-8011-46778919CFD8}"
EndProject
Project("{2150E333-8FDC-42A3-9474-1A3956D46DE8}") = "Identity", "Identity", "{0EC62A1A-9858-3A60-8A0C-FC9AACFA2EC7}"
EndProject
Project("{FAE04EC0-301F-11D3-BF4B-00C04F79EFBC}") = "InventoryProc.Modules.Identity", "src\Modules\Identity\InventoryProc.Modules.Identity\InventoryProc.Modules.Identity.csproj", "{AE84668D-D71D-4D8B-8B13-EB39A2EDE78C}"
EndProject
Project("{2150E333-8FDC-42A3-9474-1A3956D46DE8}") = "Products", "Products", "{B4C8F2E1-7A3D-4F1E-9B2C-8D5E6F7A8B9C}"
EndProject
Project("{FAE04EC0-301F-11D3-BF4B-00C04F79EFBC}") = "InventoryProc.Modules.Products", "src\Modules\Products\InventoryProc.Modules.Products.csproj", "{C5D9F3E2-8B4E-5F2D-0A3C-9E6F8A9B0C1D}"
EndProject
Project("{2150E333-8FDC-42A3-9474-1A3956D46DE8}") = "Purchases", "Purchases", "{28ED46BC-3F8A-3D66-20C4-7D862C1F6C4E}"
EndProject
Project("{FAE04EC0-301F-11D3-BF4B-00C04F79EFBC}") = "InventoryProc.Modules.Purchases", "src\Modules\Purchases\InventoryProc.Modules.Purchases.csproj", "{02089ACF-3D77-455C-A87B-2F0C9EA2E011}"
EndProject
Project("{2150E333-8FDC-42A3-9474-1A3956D46DE8}") = "Reports", "Reports", "{3DF52DA8-B83D-8D2B-4D21-700587FC75DB}"
EndProject
Project("{FAE04EC0-301F-11D3-BF4B-00C04F79EFBC}") = "InventoryProc.Modules.Reports", "src\Modules\Reports\InventoryProc.Modules.Reports.csproj", "{55B0E67F-6A9E-4ED3-9800-DAFA3D72750C}"
EndProject
Global
	GlobalSection(SolutionConfigurationPlatforms) = preSolution
		Debug|Any CPU = Debug|Any CPU
		Debug|x64 = Debug|x64
		Debug|x86 = Debug|x86
		Release|Any CPU = Release|Any CPU
		Release|x64 = Release|x64
		Release|x86 = Release|x86
	EndGlobalSection
	GlobalSection(ProjectConfigurationPlatforms) = postSolution
		{067BE384-9305-4738-BE44-A4BAEAD9E584}.Debug|Any CPU.ActiveCfg = Debug|Any CPU
		{067BE384-9305-4738-BE44-A4BAEAD9E584}.Debug|Any CPU.Build.0 = Debug|Any CPU
		{067BE384-9305-4738-BE44-A4BAEAD9E584}.Debug|x64.ActiveCfg = Debug|Any CPU
		{067BE384-9305-4738-BE44-A4BAEAD9E584}.Debug|x64.Build.0 = Debug|Any CPU
		{067BE384-9305-4738-BE44-A4BAEAD9E584}.Debug|x86.ActiveCfg = Debug|Any CPU
		{067BE384-9305-4738-BE44-A4BAEAD9E584}.Debug|x86.Build.0 = Debug|Any CPU
		{067BE384-9305-4738-BE44-A4BAEAD9E584}.Release|Any CPU.ActiveCfg = Release|Any CPU
		{067BE384-9305-4738-BE44-A4BAEAD9E584}.Release|Any CPU.Build.0 = Release|Any CPU
		{067BE384-9305-4738-BE44-A4BAEAD9E584}.Release|x64.ActiveCfg = Release|Any CPU
		{067BE384-9305-4738-BE44-A4BAEAD9E584}.Release|x64.Build.0 = Release|Any CPU
		{067BE384-9305-4738-BE44-A4BAEAD9E584}.Release|x86.ActiveCfg = Release|Any CPU
		{067BE384-9305-4738-BE44-A4BAEAD9E584}.Release|x86.Build.0 = Release|Any CPU
		{3B148056-9142-46F8-AE92-2E625CBD70FF}.Debug|Any CPU.ActiveCfg = Debug|Any CPU
		{3B148056-9142-46F8-AE92-2E625CBD70FF}.Debug|Any CPU.Build.0 = Debug|Any CPU
		{3B148056-9142-46F8-AE92-2E625CBD70FF}.Debug|x64.ActiveCfg = Debug|Any CPU
		{3B148056-9142-46F8-AE92-2E625CBD70FF}.Debug|x64.Build.0 = Debug|Any CPU
		{3B148056-9142-46F8-AE92-2E625CBD70FF}.Debug|x86.ActiveCfg = Debug|Any CPU
		{3B148056-9142-46F8-AE92-2E625CBD70FF}.Debug|x86.Build.0 = Debug|Any CPU
		{3B148056-9142-46F8-AE92-2E625CBD70FF}.Release|Any CPU.ActiveCfg = Release|Any CPU
		{3B148056-9142-46F8-AE92-2E625CBD70FF}.Release|Any CPU.Build.0 = Release|Any CPU
		{3B148056-9142-46F8-AE92-2E625CBD70FF}.Release|x64.ActiveCfg = Release|Any CPU
		{3B148056-9142-46F8-AE92-2E625CBD70FF}.Release|x64.Build.0 = Release|Any CPU
		{3B148056-9142-46F8-AE92-2E625CBD70FF}.Release|x86.ActiveCfg = Release|Any CPU
		{3B148056-9142-46F8-AE92-2E625CBD70FF}.Release|x86.Build.0 = Release|Any CPU
		{0A401636-AF8B-4D42-90CC-96C65BF9D77B}.Debug|Any CPU.ActiveCfg = Debug|Any CPU
		{0A401636-AF8B-4D42-90CC-96C65BF9D77B}.Debug|Any CPU.Build.0 = Debug|Any CPU
		{0A401636-AF8B-4D42-90CC-96C65BF9D77B}.Debug|x64.ActiveCfg = Debug|Any CPU
		{0A401636-AF8B-4D42-90CC-96C65BF9D77B}.Debug|x64.Build.0 = Debug|Any CPU
		{0A401636-AF8B-4D42-90CC-96C65BF9D77B}.Debug|x86.ActiveCfg = Debug|Any CPU
		{0A401636-AF8B-4D42-90CC-96C65BF9D77B}.Debug|x86.Build.0 = Debug|Any CPU
		{0A401636-AF8B-4D42-90CC-96C65BF9D77B}.Release|Any CPU.ActiveCfg = Release|Any CPU
		{0A401636-AF8B-4D42-90CC-96C65BF9D77B}.Release|Any CPU.Build.0 = Release|Any CPU
		{0A401636-AF8B-4D42-90CC-96C65BF9D77B}.Release|x64.ActiveCfg = Release|Any CPU
		{0A401636-AF8B-4D42-90CC-96C65BF9D77B}.Release|x64.Build.0 = Release|Any CPU
		{0A401636-AF8B-4D42-90CC-96C65BF9D77B}.Release|x86.ActiveCfg = Release|Any CPU
		{0A401636-AF8B-4D42-90CC-96C65BF9D77B}.Release|x86.Build.0 = Release|Any CPU
		{58777857-707A-415C-B957-614F63806E08}.Debug|Any CPU.ActiveCfg = Debug|Any CPU
		{58777857-707A-415C-B957-614F63806E08}.Debug|Any CPU.Build.0 = Debug|Any CPU
		{58777857-707A-415C-B957-614F63806E08}.Debug|x64.ActiveCfg = Debug|Any CPU
		{58777857-707A-415C-B957-614F63806E08}.Debug|x64.Build.0 = Debug|Any CPU
		{58777857-707A-415C-B957-614F63806E08}.Debug|x86.ActiveCfg = Debug|Any CPU
		{58777857-707A-415C-B957-614F63806E08}.Debug|x86.Build.0 = Debug|Any CPU
		{58777857-707A-415C-B957-614F63806E08}.Release|Any CPU.ActiveCfg = Release|Any CPU
		{58777857-707A-415C-B957-614F63806E08}.Release|Any CPU.Build.0 = Release|Any CPU
		{58777857-707A-415C-B957-614F63806E08}.Release|x64.ActiveCfg = Release|Any CPU
		{58777857-707A-415C-B957-614F63806E08}.Release|x64.Build.0 = Release|Any CPU
		{58777857-707A-415C-B957-614F63806E08}.Release|x86.ActiveCfg = Release|Any CPU
		{58777857-707A-415C-B957-614F63806E08}.Release|x86.Build.0 = Release|Any CPU
		{4259DB8A-602D-4D7F-8011-46778919CFD8}.Debug|Any CPU.ActiveCfg = Debug|Any CPU
		{4259DB8A-602D-4D7F-8011-46778919CFD8}.Debug|Any CPU.Build.0 = Debug|Any CPU
		{4259DB8A-602D-4D7F-8011-46778919CFD8}.Debug|x64.ActiveCfg = Debug|Any CPU
		{4259DB8A-602D-4D7F-8011-46778919CFD8}.Debug|x64.Build.0 = Debug|Any CPU
		{4259DB8A-602D-4D7F-8011-46778919CFD8}.Debug|x86.ActiveCfg = Debug|Any CPU
		{4259DB8A-602D-4D7F-8011-46778919CFD8}.Debug|x86.Build.0 = Debug|Any CPU
		{4259DB8A-602D-4D7F-8011-46778919CFD8}.Release|Any CPU.ActiveCfg = Release|Any CPU
		{4259DB8A-602D-4D7F-8011-46778919CFD8}.Release|Any CPU.Build.0 = Release|Any CPU
		{4259DB8A-602D-4D7F-8011-46778919CFD8}.Release|x64.ActiveCfg = Release|Any CPU
		{4259DB8A-602D-4D7F-8011-46778919CFD8}.Release|x64.Build.0 = Release|Any CPU
		{4259DB8A-602D-4D7F-8011-46778919CFD8}.Release|x86.ActiveCfg = Release|Any CPU
		{4259DB8A-602D-4D7F-8011-46778919CFD8}.Release|x86.Build.0 = Release|Any CPU
		{AE84668D-D71D-4D8B-8B13-EB39A2EDE78C}.Debug|Any CPU.ActiveCfg = Debug|Any CPU
		{AE84668D-D71D-4D8B-8B13-EB39A2EDE78C}.Debug|Any CPU.Build.0 = Debug|Any CPU
		{AE84668D-D71D-4D8B-8B13-EB39A2EDE78C}.Debug|x64.ActiveCfg = Debug|Any CPU
		{AE84668D-D71D-4D8B-8B13-EB39A2EDE78C}.Debug|x64.Build.0 = Debug|Any CPU
		{AE84668D-D71D-4D8B-8B13-EB39A2EDE78C}.Debug|x86.ActiveCfg = Debug|Any CPU
		{AE84668D-D71D-4D8B-8B13-EB39A2EDE78C}.Debug|x86.Build.0 = Debug|Any CPU
		{AE84668D-D71D-4D8B-8B13-EB39A2EDE78C}.Release|Any CPU.ActiveCfg = Release|Any CPU
		{AE84668D-D71D-4D8B-8B13-EB39A2EDE78C}.Release|Any CPU.Build.0 = Release|Any CPU
		{AE84668D-D71D-4D8B-8B13-EB39A2EDE78C}.Release|x64.ActiveCfg = Release|Any CPU
		{AE84668D-D71D-4D8B-8B13-EB39A2EDE78C}.Release|x64.Build.0 = Release|Any CPU
		{AE84668D-D71D-4D8B-8B13-EB39A2EDE78C}.Release|x86.ActiveCfg = Release|Any CPU
		{AE84668D-D71D-4D8B-8B13-EB39A2EDE78C}.Release|x86.Build.0 = Release|Any CPU
		{C5D9F3E2-8B4E-5F2D-0A3C-9E6F8A9B0C1D}.Debug|Any CPU.ActiveCfg = Debug|Any CPU
		{C5D9F3E2-8B4E-5F2D-0A3C-9E6F8A9B0C1D}.Debug|Any CPU.Build.0 = Debug|Any CPU
		{C5D9F3E2-8B4E-5F2D-0A3C-9E6F8A9B0C1D}.Debug|x64.ActiveCfg = Debug|Any CPU
		{C5D9F3E2-8B4E-5F2D-0A3C-9E6F8A9B0C1D}.Debug|x64.Build.0 = Debug|Any CPU
		{C5D9F3E2-8B4E-5F2D-0A3C-9E6F8A9B0C1D}.Debug|x86.ActiveCfg = Debug|Any CPU
		{C5D9F3E2-8B4E-5F2D-0A3C-9E6F8A9B0C1D}.Debug|x86.Build.0 = Debug|Any CPU
		{C5D9F3E2-8B4E-5F2D-0A3C-9E6F8A9B0C1D}.Release|Any CPU.ActiveCfg = Release|Any CPU
		{C5D9F3E2-8B4E-5F2D-0A3C-9E6F8A9B0C1D}.Release|Any CPU.Build.0 = Release|Any CPU
		{C5D9F3E2-8B4E-5F2D-0A3C-9E6F8A9B0C1D}.Release|x64.ActiveCfg = Release|Any CPU
		{C5D9F3E2-8B4E-5F2D-0A3C-9E6F8A9B0C1D}.Release|x64.Build.0 = Release|Any CPU
		{C5D9F3E2-8B4E-5F2D-0A3C-9E6F8A9B0C1D}.Release|x86.ActiveCfg = Release|Any CPU
		{C5D9F3E2-8B4E-5F2D-0A3C-9E6F8A9B0C1D}.Release|x86.Build.0 = Release|Any CPU
		{02089ACF-3D77-455C-A87B-2F0C9EA2E011}.Debug|Any CPU.ActiveCfg = Debug|Any CPU
		{02089ACF-3D77-455C-A87B-2F0C9EA2E011}.Debug|Any CPU.Build.0 = Debug|Any CPU
		{02089ACF-3D77-455C-A87B-2F0C9EA2E011}.Debug|x64.ActiveCfg = Debug|Any CPU
		{02089ACF-3D77-455C-A87B-2F0C9EA2E011}.Debug|x64.Build.0 = Debug|Any CPU
		{02089ACF-3D77-455C-A87B-2F0C9EA2E011}.Debug|x86.ActiveCfg = Debug|Any CPU
		{02089ACF-3D77-455C-A87B-2F0C9EA2E011}.Debug|x86.Build.0 = Debug|Any CPU
		{02089ACF-3D77-455C-A87B-2F0C9EA2E011}.Release|Any CPU.ActiveCfg = Release|Any CPU
		{02089ACF-3D77-455C-A87B-2F0C9EA2E011}.Release|Any CPU.Build.0 = Release|Any CPU
		{02089ACF-3D77-455C-A87B-2F0C9EA2E011}.Release|x64.ActiveCfg = Release|Any CPU
		{02089ACF-3D77-455C-A87B-2F0C9EA2E011}.Release|x64.Build.0 = Release|Any CPU
		{02089ACF-3D77-455C-A87B-2F0C9EA2E011}.Release|x86.ActiveCfg = Release|Any CPU
		{02089ACF-3D77-455C-A87B-2F0C9EA2E011}.Release|x86.Build.0 = Release|Any CPU
		{55B0E67F-6A9E-4ED3-9800-DAFA3D72750C}.Debug|Any CPU.ActiveCfg = Debug|Any CPU
		{55B0E67F-6A9E-4ED3-9800-DAFA3D72750C}.Debug|Any CPU.Build.0 = Debug|Any CPU
		{55B0E67F-6A9E-4ED3-9800-DAFA3D72750C}.Debug|x64.ActiveCfg = Debug|Any CPU
		{55B0E67F-6A9E-4ED3-9800-DAFA3D72750C}.Debug|x64.Build.0 = Debug|Any CPU
		{55B0E67F-6A9E-4ED3-9800-DAFA3D72750C}.Debug|x86.ActiveCfg = Debug|Any CPU
		{55B0E67F-6A9E-4ED3-9800-DAFA3D72750C}.Debug|x86.Build.0 = Debug|Any CPU
		{55B0E67F-6A9E-4ED3-9800-DAFA3D72750C}.Release|Any CPU.ActiveCfg = Release|Any CPU
		{55B0E67F-6A9E-4ED3-9800-DAFA3D72750C}.Release|Any CPU.Build.0 = Release|Any CPU
		{55B0E67F-6A9E-4ED3-9800-DAFA3D72750C}.Release|x64.ActiveCfg = Release|Any CPU
		{55B0E67F-6A9E-4ED3-9800-DAFA3D72750C}.Release|x64.Build.0 = Release|Any CPU
		{55B0E67F-6A9E-4ED3-9800-DAFA3D72750C}.Release|x86.ActiveCfg = Release|Any CPU
		{55B0E67F-6A9E-4ED3-9800-DAFA3D72750C}.Release|x86.Build.0 = Release|Any CPU
	EndGlobalSection
	GlobalSection(SolutionProperties) = preSolution
		HideSolutionNode = FALSE
	EndGlobalSection
	GlobalSection(NestedProjects) = preSolution
		{981C2CF6-E5BB-602A-511C-234B538302B0} = {827E0CD3-B72D-47B6-A68D-7590B98EB39B}
		{067BE384-9305-4738-BE44-A4BAEAD9E584} = {981C2CF6-E5BB-602A-511C-234B538302B0}
		{90298CBA-BD6F-3A0A-69D5-97CAD7B05E7E} = {827E0CD3-B72D-47B6-A68D-7590B98EB39B}
		{3B148056-9142-46F8-AE92-2E625CBD70FF} = {90298CBA-BD6F-3A0A-69D5-97CAD7B05E7E}
		{0A401636-AF8B-4D42-90CC-96C65BF9D77B} = {90298CBA-BD6F-3A0A-69D5-97CAD7B05E7E}
		{58777857-707A-415C-B957-614F63806E08} = {90298CBA-BD6F-3A0A-69D5-97CAD7B05E7E}
		{EC447DCF-ABFA-6E24-52A5-D7FD48A5C558} = {827E0CD3-B72D-47B6-A68D-7590B98EB39B}
		{4229EDB8-0862-B55E-9945-90D59FE8EB87} = {EC447DCF-ABFA-6E24-52A5-D7FD48A5C558}
		{4259DB8A-602D-4D7F-8011-46778919CFD8} = {4229EDB8-0862-B55E-9945-90D59FE8EB87}
		{0EC62A1A-9858-3A60-8A0C-FC9AACFA2EC7} = {EC447DCF-ABFA-6E24-52A5-D7FD48A5C558}
		{AE84668D-D71D-4D8B-8B13-EB39A2EDE78C} = {0EC62A1A-9858-3A60-8A0C-FC9AACFA2EC7}
		{B4C8F2E1-7A3D-4F1E-9B2C-8D5E6F7A8B9C} = {EC447DCF-ABFA-6E24-52A5-D7FD48A5C558}
		{C5D9F3E2-8B4E-5F2D-0A3C-9E6F8A9B0C1D} = {B4C8F2E1-7A3D-4F1E-9B2C-8D5E6F7A8B9C}
		{28ED46BC-3F8A-3D66-20C4-7D862C1F6C4E} = {EC447DCF-ABFA-6E24-52A5-D7FD48A5C558}
		{02089ACF-3D77-455C-A87B-2F0C9EA2E011} = {28ED46BC-3F8A-3D66-20C4-7D862C1F6C4E}
		{3DF52DA8-B83D-8D2B-4D21-700587FC75DB} = {EC447DCF-ABFA-6E24-52A5-D7FD48A5C558}
		{55B0E67F-6A9E-4ED3-9800-DAFA3D72750C} = {3DF52DA8-B83D-8D2B-4D21-700587FC75DB}
	EndGlobalSection
EndGlobal
